
Microsoft Visual Studio Solution File, Format Version 12.00
# Visual Studio 15
VisualStudioVersion = 15.0.28307.779
MinimumVisualStudioVersion = 10.0.40219.1
Project("{FAE04EC0-301F-11D3-BF4B-00C04F79EFBC}") = "XamarinApp1.Android", "XamarinApp1\XamarinApp1.Android\XamarinApp1.Android.csproj", "{3E764FD9-C8F8-4489-9D16-7D76C8118919}"
EndProject
Project("{FAE04EC0-301F-11D3-BF4B-00C04F79EFBC}") = "XamarinApp1.iOS", "XamarinApp1\XamarinApp1.iOS\XamarinApp1.iOS.csproj", "{8C8E53A3-4491-4C71-A937-C79CAEEE403B}"
EndProject
Project("{FAE04EC0-301F-11D3-BF4B-00C04F79EFBC}") = "XamarinApp1", "XamarinApp1\XamarinApp1\XamarinApp1.csproj", "{0662B0AD-7BB7-49B5-8DD4-3388CA0A0367}"
EndProject
Global
	GlobalSection(SolutionConfigurationPlatforms) = preSolution
		Ad-Hoc|Any CPU = Ad-Hoc|Any CPU
		Ad-Hoc|iPhone = Ad-Hoc|iPhone
		Ad-Hoc|iPhoneSimulator = Ad-Hoc|iPhoneSimulator
		AppStore|Any CPU = AppStore|Any CPU
		AppStore|iPhone = AppStore|iPhone
		AppStore|iPhoneSimulator = AppStore|iPhoneSimulator
		Debug|Any CPU = Debug|Any CPU
		Debug|iPhone = Debug|iPhone
		Debug|iPhoneSimulator = Debug|iPhoneSimulator
		Release|Any CPU = Release|Any CPU
		Release|iPhone = Release|iPhone
		Release|iPhoneSimulator = Release|iPhoneSimulator
	EndGlobalSection
	GlobalSection(ProjectConfigurationPlatforms) = postSolution
		{3E764FD9-C8F8-4489-9D16-7D76C8118919}.Ad-Hoc|Any CPU.ActiveCfg = Release|Any CPU
		{3E764FD9-C8F8-4489-9D16-7D76C8118919}.Ad-Hoc|Any CPU.Build.0 = Release|Any CPU
		{3E764FD9-C8F8-4489-9D16-7D76C8118919}.Ad-Hoc|Any CPU.Deploy.0 = Release|Any CPU
		{3E764FD9-C8F8-4489-9D16-7D76C8118919}.Ad-Hoc|iPhone.ActiveCfg = Release|Any CPU
		{3E764FD9-C8F8-4489-9D16-7D76C8118919}.Ad-Hoc|iPhone.Build.0 = Release|Any CPU
		{3E764FD9-C8F8-4489-9D16-7D76C8118919}.Ad-Hoc|iPhone.Deploy.0 = Release|Any CPU
		{3E764FD9-C8F8-4489-9D16-7D76C8118919}.Ad-Hoc|iPhoneSimulator.ActiveCfg = Release|Any CPU
		{3E764FD9-C8F8-4489-9D16-7D76C8118919}.Ad-Hoc|iPhoneSimulator.Build.0 = Release|Any CPU
		{3E764FD9-C8F8-4489-9D16-7D76C8118919}.Ad-Hoc|iPhoneSimulator.Deploy.0 = Release|Any CPU
		{3E764FD9-C8F8-4489-9D16-7D76C8118919}.AppStore|Any CPU.ActiveCfg = Release|Any CPU
		{3E764FD9-C8F8-4489-9D16-7D76C8118919}.AppStore|Any CPU.Build.0 = Release|Any CPU
		{3E764FD9-C8F8-4489-9D16-7D76C8118919}.AppStore|Any CPU.Deploy.0 = Release|Any CPU
		{3E764FD9-C8F8-4489-9D16-7D76C8118919}.AppStore|iPhone.ActiveCfg = Release|Any CPU
		{3E764FD9-C8F8-4489-9D16-7D76C8118919}.AppStore|iPhone.Build.0 = Release|Any CPU
		{3E764FD9-C8F8-4489-9D16-7D76C8118919}.AppStore|iPhone.Deploy.0 = Release|Any CPU
		{3E764FD9-C8F8-4489-9D16-7D76C8118919}.AppStore|iPhoneSimulator.ActiveCfg = Release|Any CPU
		{3E764FD9-C8F8-4489-9D16-7D76C8118919}.AppStore|iPhoneSimulator.Build.0 = Release|Any CPU
		{3E764FD9-C8F8-4489-9D16-7D76C8118919}.AppStore|iPhoneSimulator.Deploy.0 = Release|Any CPU
		{3E764FD9-C8F8-4489-9D16-7D76C8118919}.Debug|Any CPU.ActiveCfg = Debug|Any CPU
		{3E764FD9-C8F8-4489-9D16-7D76C8118919}.Debug|Any CPU.Build.0 = Debug|Any CPU
		{3E764FD9-C8F8-4489-9D16-7D76C8118919}.Debug|Any CPU.Deploy.0 = Debug|Any CPU
		{3E764FD9-C8F8-4489-9D16-7D76C8118919}.Debug|iPhone.ActiveCfg = Debug|Any CPU
		{3E764FD9-C8F8-4489-9D16-7D76C8118919}.Debug|iPhone.Build.0 = Debug|Any CPU
		{3E764FD9-C8F8-4489-9D16-7D76C8118919}.Debug|iPhone.Deploy.0 = Debug|Any CPU
		{3E764FD9-C8F8-4489-9D16-7D76C8118919}.Debug|iPhoneSimulator.ActiveCfg = Debug|Any CPU
		{3E764FD9-C8F8-4489-9D16-7D76C8118919}.Debug|iPhoneSimulator.Build.0 = Debug|Any CPU
		{3E764FD9-C8F8-4489-9D16-7D76C8118919}.Debug|iPhoneSimulator.Deploy.0 = Debug|Any CPU
		{3E764FD9-C8F8-4489-9D16-7D76C8118919}.Release|Any CPU.ActiveCfg = Release|Any CPU
		{3E764FD9-C8F8-4489-9D16-7D76C8118919}.Release|Any CPU.Build.0 = Release|Any CPU
		{3E764FD9-C8F8-4489-9D16-7D76C8118919}.Release|Any CPU.Deploy.0 = Release|Any CPU
		{3E764FD9-C8F8-4489-9D16-7D76C8118919}.Release|iPhone.ActiveCfg = Release|Any CPU
		{3E764FD9-C8F8-4489-9D16-7D76C8118919}.Release|iPhone.Build.0 = Release|Any CPU
		{3E764FD9-C8F8-4489-9D16-7D76C8118919}.Release|iPhone.Deploy.0 = Release|Any CPU
		{3E764FD9-C8F8-4489-9D16-7D76C8118919}.Release|iPhoneSimulator.ActiveCfg = Release|Any CPU
		{3E764FD9-C8F8-4489-9D16-7D76C8118919}.Release|iPhoneSimulator.Build.0 = Release|Any CPU
		{3E764FD9-C8F8-4489-9D16-7D76C8118919}.Release|iPhoneSimulator.Deploy.0 = Release|Any CPU
		{8C8E53A3-4491-4C71-A937-C79CAEEE403B}.Ad-Hoc|Any CPU.ActiveCfg = Ad-Hoc|iPhone
		{8C8E53A3-4491-4C71-A937-C79CAEEE403B}.Ad-Hoc|Any CPU.Build.0 = Ad-Hoc|iPhone
		{8C8E53A3-4491-4C71-A937-C79CAEEE403B}.Ad-Hoc|Any CPU.Deploy.0 = Ad-Hoc|iPhone
		{8C8E53A3-4491-4C71-A937-C79CAEEE403B}.Ad-Hoc|iPhone.ActiveCfg = Ad-Hoc|iPhone
		{8C8E53A3-4491-4C71-A937-C79CAEEE403B}.Ad-Hoc|iPhone.Build.0 = Ad-Hoc|iPhone
		{8C8E53A3-4491-4C71-A937-C79CAEEE403B}.Ad-Hoc|iPhone.Deploy.0 = Ad-Hoc|iPhone
		{8C8E53A3-4491-4C71-A937-C79CAEEE403B}.Ad-Hoc|iPhoneSimulator.ActiveCfg = Ad-Hoc|iPhoneSimulator
		{8C8E53A3-4491-4C71-A937-C79CAEEE403B}.Ad-Hoc|iPhoneSimulator.Build.0 = Ad-Hoc|iPhoneSimulator
		{8C8E53A3-4491-4C71-A937-C79CAEEE403B}.Ad-Hoc|iPhoneSimulator.Deploy.0 = Ad-Hoc|iPhoneSimulator
		{8C8E53A3-4491-4C71-A937-C79CAEEE403B}.AppStore|Any CPU.ActiveCfg = AppStore|iPhone
		{8C8E53A3-4491-4C71-A937-C79CAEEE403B}.AppStore|Any CPU.Build.0 = AppStore|iPhone
		{8C8E53A3-4491-4C71-A937-C79CAEEE403B}.AppStore|Any CPU.Deploy.0 = AppStore|iPhone
		{8C8E53A3-4491-4C71-A937-C79CAEEE403B}.AppStore|iPhone.ActiveCfg = AppStore|iPhone
		{8C8E53A3-4491-4C71-A937-C79CAEEE403B}.AppStore|iPhone.Build.0 = AppStore|iPhone
		{8C8E53A3-4491-4C71-A937-C79CAEEE403B}.AppStore|iPhone.Deploy.0 = AppStore|iPhone
		{8C8E53A3-4491-4C71-A937-C79CAEEE403B}.AppStore|iPhoneSimulator.ActiveCfg = AppStore|iPhoneSimulator
		{8C8E53A3-4491-4C71-A937-C79CAEEE403B}.AppStore|iPhoneSimulator.Build.0 = AppStore|iPhoneSimulator
		{8C8E53A3-4491-4C71-A937-C79CAEEE403B}.AppStore|iPhoneSimulator.Deploy.0 = AppStore|iPhoneSimulator
		{8C8E53A3-4491-4C71-A937-C79CAEEE403B}.Debug|Any CPU.ActiveCfg = Debug|iPhoneSimulator
		{8C8E53A3-4491-4C71-A937-C79CAEEE403B}.Debug|Any CPU.Build.0 = Debug|iPhoneSimulator
		{8C8E53A3-4491-4C71-A937-C79CAEEE403B}.Debug|Any CPU.Deploy.0 = Debug|iPhoneSimulator
		{8C8E53A3-4491-4C71-A937-C79CAEEE403B}.Debug|iPhone.ActiveCfg = Debug|iPhone
		{8C8E53A3-4491-4C71-A937-C79CAEEE403B}.Debug|iPhone.Build.0 = Debug|iPhone
		{8C8E53A3-4491-4C71-A937-C79CAEEE403B}.Debug|iPhone.Deploy.0 = Debug|iPhone
		{8C8E53A3-4491-4C71-A937-C79CAEEE403B}.Debug|iPhoneSimulator.ActiveCfg = Debug|iPhoneSimulator
		{8C8E53A3-4491-4C71-A937-C79CAEEE403B}.Debug|iPhoneSimulator.Build.0 = Debug|iPhoneSimulator
		{8C8E53A3-4491-4C71-A937-C79CAEEE403B}.Debug|iPhoneSimulator.Deploy.0 = Debug|iPhoneSimulator
		{8C8E53A3-4491-4C71-A937-C79CAEEE403B}.Release|Any CPU.ActiveCfg = Release|iPhone
		{8C8E53A3-4491-4C71-A937-C79CAEEE403B}.Release|Any CPU.Build.0 = Release|iPhone
		{8C8E53A3-4491-4C71-A937-C79CAEEE403B}.Release|Any CPU.Deploy.0 = Release|iPhone
		{8C8E53A3-4491-4C71-A937-C79CAEEE403B}.Release|iPhone.ActiveCfg = Release|iPhone
		{8C8E53A3-4491-4C71-A937-C79CAEEE403B}.Release|iPhone.Build.0 = Release|iPhone
		{8C8E53A3-4491-4C71-A937-C79CAEEE403B}.Release|iPhone.Deploy.0 = Release|iPhone
		{8C8E53A3-4491-4C71-A937-C79CAEEE403B}.Release|iPhoneSimulator.ActiveCfg = Release|iPhoneSimulator
		{8C8E53A3-4491-4C71-A937-C79CAEEE403B}.Release|iPhoneSimulator.Build.0 = Release|iPhoneSimulator
		{8C8E53A3-4491-4C71-A937-C79CAEEE403B}.Release|iPhoneSimulator.Deploy.0 = Release|iPhoneSimulator
		{0662B0AD-7BB7-49B5-8DD4-3388CA0A0367}.Ad-Hoc|Any CPU.ActiveCfg = Debug|Any CPU
		{0662B0AD-7BB7-49B5-8DD4-3388CA0A0367}.Ad-Hoc|Any CPU.Build.0 = Debug|Any CPU
		{0662B0AD-7BB7-49B5-8DD4-3388CA0A0367}.Ad-Hoc|Any CPU.Deploy.0 = Debug|Any CPU
		{0662B0AD-7BB7-49B5-8DD4-3388CA0A0367}.Ad-Hoc|iPhone.ActiveCfg = Debug|Any CPU
		{0662B0AD-7BB7-49B5-8DD4-3388CA0A0367}.Ad-Hoc|iPhone.Build.0 = Debug|Any CPU
		{0662B0AD-7BB7-49B5-8DD4-3388CA0A0367}.Ad-Hoc|iPhone.Deploy.0 = Debug|Any CPU
		{0662B0AD-7BB7-49B5-8DD4-3388CA0A0367}.Ad-Hoc|iPhoneSimulator.ActiveCfg = Debug|Any CPU
		{0662B0AD-7BB7-49B5-8DD4-3388CA0A0367}.Ad-Hoc|iPhoneSimulator.Build.0 = Debug|Any CPU
		{0662B0AD-7BB7-49B5-8DD4-3388CA0A0367}.Ad-Hoc|iPhoneSimulator.Deploy.0 = Debug|Any CPU
		{0662B0AD-7BB7-49B5-8DD4-3388CA0A0367}.AppStore|Any CPU.ActiveCfg = Debug|Any CPU
		{0662B0AD-7BB7-49B5-8DD4-3388CA0A0367}.AppStore|Any CPU.Build.0 = Debug|Any CPU
		{0662B0AD-7BB7-49B5-8DD4-3388CA0A0367}.AppStore|Any CPU.Deploy.0 = Debug|Any CPU
		{0662B0AD-7BB7-49B5-8DD4-3388CA0A0367}.AppStore|iPhone.ActiveCfg = Debug|Any CPU
		{0662B0AD-7BB7-49B5-8DD4-3388CA0A0367}.AppStore|iPhone.Build.0 = Debug|Any CPU
		{0662B0AD-7BB7-49B5-8DD4-3388CA0A0367}.AppStore|iPhone.Deploy.0 = Debug|Any CPU
		{0662B0AD-7BB7-49B5-8DD4-3388CA0A0367}.AppStore|iPhoneSimulator.ActiveCfg = Debug|Any CPU
		{0662B0AD-7BB7-49B5-8DD4-3388CA0A0367}.AppStore|iPhoneSimulator.Build.0 = Debug|Any CPU
		{0662B0AD-7BB7-49B5-8DD4-3388CA0A0367}.AppStore|iPhoneSimulator.Deploy.0 = Debug|Any CPU
		{0662B0AD-7BB7-49B5-8DD4-3388CA0A0367}.Debug|Any CPU.ActiveCfg = Debug|Any CPU
		{0662B0AD-7BB7-49B5-8DD4-3388CA0A0367}.Debug|Any CPU.Build.0 = Debug|Any CPU
		{0662B0AD-7BB7-49B5-8DD4-3388CA0A0367}.Debug|Any CPU.Deploy.0 = Debug|Any CPU
		{0662B0AD-7BB7-49B5-8DD4-3388CA0A0367}.Debug|iPhone.ActiveCfg = Debug|Any CPU
		{0662B0AD-7BB7-49B5-8DD4-3388CA0A0367}.Debug|iPhone.Build.0 = Debug|Any CPU
		{0662B0AD-7BB7-49B5-8DD4-3388CA0A0367}.Debug|iPhone.Deploy.0 = Debug|Any CPU
		{0662B0AD-7BB7-49B5-8DD4-3388CA0A0367}.Debug|iPhoneSimulator.ActiveCfg = Debug|Any CPU
		{0662B0AD-7BB7-49B5-8DD4-3388CA0A0367}.Debug|iPhoneSimulator.Build.0 = Debug|Any CPU
		{0662B0AD-7BB7-49B5-8DD4-3388CA0A0367}.Debug|iPhoneSimulator.Deploy.0 = Debug|Any CPU
		{0662B0AD-7BB7-49B5-8DD4-3388CA0A0367}.Release|Any CPU.ActiveCfg = Release|Any CPU
		{0662B0AD-7BB7-49B5-8DD4-3388CA0A0367}.Release|Any CPU.Build.0 = Release|Any CPU
		{0662B0AD-7BB7-49B5-8DD4-3388CA0A0367}.Release|Any CPU.Deploy.0 = Release|Any CPU
		{0662B0AD-7BB7-49B5-8DD4-3388CA0A0367}.Release|iPhone.ActiveCfg = Release|Any CPU
		{0662B0AD-7BB7-49B5-8DD4-3388CA0A0367}.Release|iPhone.Build.0 = Release|Any CPU
		{0662B0AD-7BB7-49B5-8DD4-3388CA0A0367}.Release|iPhone.Deploy.0 = Release|Any CPU
		{0662B0AD-7BB7-49B5-8DD4-3388CA0A0367}.Release|iPhoneSimulator.ActiveCfg = Release|Any CPU
		{0662B0AD-7BB7-49B5-8DD4-3388CA0A0367}.Release|iPhoneSimulator.Build.0 = Release|Any CPU
		{0662B0AD-7BB7-49B5-8DD4-3388CA0A0367}.Release|iPhoneSimulator.Deploy.0 = Release|Any CPU
	EndGlobalSection
	GlobalSection(SolutionProperties) = preSolution
		HideSolutionNode = FALSE
	EndGlobalSection
	GlobalSection(ExtensibilityGlobals) = postSolution
		SolutionGuid = {0687C566-15AD-4484-AC72-C3664B66920F}
	EndGlobalSection
EndGlobal
